// !$*UTF8*$!
{
	archiveVersion = 1;
	classes = {
	};
	objectVersion = 56;
	objects = {

/* Begin PBXBuildFile section */
		9881A9F62C24C8230056D05C /* FlashAttentionApp.swift in Sources */ = {isa = PBXBuildFile; fileRef = 9881A9F52C24C8230056D05C /* FlashAttentionApp.swift */; };
		9881A9F82C24C8230056D05C /* ContentView.swift in Sources */ = {isa = PBXBuildFile; fileRef = 9881A9F72C24C8230056D05C /* ContentView.swift */; };
		9881A9FA2C24C8240056D05C /* Assets.xcassets in Resources */ = {isa = PBXBuildFile; fileRef = 9881A9F92C24C8240056D05C /* Assets.xcassets */; };
		9881A9FE2C24C8240056D05C /* Preview Assets.xcassets in Resources */ = {isa = PBXBuildFile; fileRef = 9881A9FD2C24C8240056D05C /* Preview Assets.xcassets */; };
		9881AA052C24C85E0056D05C /* Workspace.swift in Sources */ = {isa = PBXBuildFile; fileRef = 9881AA042C24C85E0056D05C /* Workspace.swift */; };
		9881AA092C24C9610056D05C /* README.md in Resources */ = {isa = PBXBuildFile; fileRef = 9881AA082C24C9610056D05C /* README.md */; };
		9881AA142C25AED50056D05C /* GEMMKernelDescriptor.swift in Sources */ = {isa = PBXBuildFile; fileRef = 9881AA132C25AED50056D05C /* GEMMKernelDescriptor.swift */; };
		9881AA162C25AEF10056D05C /* GEMMOperandPrecision.swift in Sources */ = {isa = PBXBuildFile; fileRef = 9881AA152C25AEF10056D05C /* GEMMOperandPrecision.swift */; };
		9881AA182C25B0440056D05C /* GEMMHeaders.swift in Sources */ = {isa = PBXBuildFile; fileRef = 9881AA172C25B0440056D05C /* GEMMHeaders.swift */; };
		9881AA1A2C25B0F70056D05C /* GEMMDescriptor.swift in Sources */ = {isa = PBXBuildFile; fileRef = 9881AA192C25B0F70056D05C /* GEMMDescriptor.swift */; };
		9881AA1C2C25B11C0056D05C /* CoreCount.swift in Sources */ = {isa = PBXBuildFile; fileRef = 9881AA1B2C25B11C0056D05C /* CoreCount.swift */; };
		9881AA1E2C25B1ED0056D05C /* GEMMKernel.swift in Sources */ = {isa = PBXBuildFile; fileRef = 9881AA1D2C25B1ED0056D05C /* GEMMKernel.swift */; };
		9881AA202C25B26D0056D05C /* ShaderCache.swift in Sources */ = {isa = PBXBuildFile; fileRef = 9881AA1F2C25B26D0056D05C /* ShaderCache.swift */; };
		9881AA232C25C22B0056D05C /* LaplacianTest.swift in Sources */ = {isa = PBXBuildFile; fileRef = 9881AA222C25C22B0056D05C /* LaplacianTest.swift */; };
		9881AA252C25FDC20056D05C /* AdversarialShapeTest.swift in Sources */ = {isa = PBXBuildFile; fileRef = 9881AA242C25FDC20056D05C /* AdversarialShapeTest.swift */; };
		98DA5B302C29F04A000F4E06 /* ComplexModule in Frameworks */ = {isa = PBXBuildFile; productRef = 98DA5B2F2C29F04A000F4E06 /* ComplexModule */; };
		98DA5B322C29F04A000F4E06 /* Numerics in Frameworks */ = {isa = PBXBuildFile; productRef = 98DA5B312C29F04A000F4E06 /* Numerics */; };
		98DA5B342C29F04A000F4E06 /* RealModule in Frameworks */ = {isa = PBXBuildFile; productRef = 98DA5B332C29F04A000F4E06 /* RealModule */; };
		98DA5B362C2AFD65000F4E06 /* Network.swift in Sources */ = {isa = PBXBuildFile; fileRef = 98DA5B352C2AFD65000F4E06 /* Network.swift */; };
		98DA5B382C2AFF9E000F4E06 /* FiniteDifferencingTest.swift in Sources */ = {isa = PBXBuildFile; fileRef = 98DA5B372C2AFF9E000F4E06 /* FiniteDifferencingTest.swift */; };
		98DA5B3A2C2B3A6D000F4E06 /* Softmax.swift in Sources */ = {isa = PBXBuildFile; fileRef = 98DA5B392C2B3A6D000F4E06 /* Softmax.swift */; };
		98DA5B3D2C2C5086000F4E06 /* MTLContext.swift in Sources */ = {isa = PBXBuildFile; fileRef = 98DA5B3C2C2C5086000F4E06 /* MTLContext.swift */; };
		98DA5B402C2C91BF000F4E06 /* SoftmaxTest.swift in Sources */ = {isa = PBXBuildFile; fileRef = 98DA5B3F2C2C91BF000F4E06 /* SoftmaxTest.swift */; };
		98DA5B422C2CA75D000F4E06 /* DerivativeSoftmax.swift in Sources */ = {isa = PBXBuildFile; fileRef = 98DA5B412C2CA75D000F4E06 /* DerivativeSoftmax.swift */; };
		98DA5B442C2DB893000F4E06 /* DerivativeSoftmaxTest.swift in Sources */ = {isa = PBXBuildFile; fileRef = 98DA5B432C2DB893000F4E06 /* DerivativeSoftmaxTest.swift */; };
		98DA5B482C2DE2DA000F4E06 /* Attention.swift in Sources */ = {isa = PBXBuildFile; fileRef = 98DA5B472C2DE2DA000F4E06 /* Attention.swift */; };
/* End PBXBuildFile section */

/* Begin PBXFileReference section */
		9881A9F22C24C8230056D05C /* FlashAttention.app */ = {isa = PBXFileReference; explicitFileType = wrapper.application; includeInIndex = 0; path = FlashAttention.app; sourceTree = BUILT_PRODUCTS_DIR; };
		9881A9F52C24C8230056D05C /* FlashAttentionApp.swift */ = {isa = PBXFileReference; lastKnownFileType = sourcecode.swift; path = FlashAttentionApp.swift; sourceTree = "<group>"; };
		9881A9F72C24C8230056D05C /* ContentView.swift */ = {isa = PBXFileReference; lastKnownFileType = sourcecode.swift; path = ContentView.swift; sourceTree = "<group>"; };
		9881A9F92C24C8240056D05C /* Assets.xcassets */ = {isa = PBXFileReference; lastKnownFileType = folder.assetcatalog; path = Assets.xcassets; sourceTree = "<group>"; };
		9881A9FB2C24C8240056D05C /* FlashAttention.entitlements */ = {isa = PBXFileReference; lastKnownFileType = text.plist.entitlements; path = FlashAttention.entitlements; sourceTree = "<group>"; };
		9881A9FD2C24C8240056D05C /* Preview Assets.xcassets */ = {isa = PBXFileReference; lastKnownFileType = folder.assetcatalog; path = "Preview Assets.xcassets"; sourceTree = "<group>"; };
		9881AA042C24C85E0056D05C /* Workspace.swift */ = {isa = PBXFileReference; lastKnownFileType = sourcecode.swift; path = Workspace.swift; sourceTree = "<group>"; };
		9881AA082C24C9610056D05C /* README.md */ = {isa = PBXFileReference; fileEncoding = 4; lastKnownFileType = net.daringfireball.markdown; name = README.md; path = ../README.md; sourceTree = "<group>"; };
		9881AA132C25AED50056D05C /* GEMMKernelDescriptor.swift */ = {isa = PBXFileReference; lastKnownFileType = sourcecode.swift; path = GEMMKernelDescriptor.swift; sourceTree = "<group>"; };
		9881AA152C25AEF10056D05C /* GEMMOperandPrecision.swift */ = {isa = PBXFileReference; lastKnownFileType = sourcecode.swift; path = GEMMOperandPrecision.swift; sourceTree = "<group>"; };
		9881AA172C25B0440056D05C /* GEMMHeaders.swift */ = {isa = PBXFileReference; lastKnownFileType = sourcecode.swift; path = GEMMHeaders.swift; sourceTree = "<group>"; };
		9881AA192C25B0F70056D05C /* GEMMDescriptor.swift */ = {isa = PBXFileReference; lastKnownFileType = sourcecode.swift; path = GEMMDescriptor.swift; sourceTree = "<group>"; };
		9881AA1B2C25B11C0056D05C /* CoreCount.swift */ = {isa = PBXFileReference; lastKnownFileType = sourcecode.swift; path = CoreCount.swift; sourceTree = "<group>"; };
		9881AA1D2C25B1ED0056D05C /* GEMMKernel.swift */ = {isa = PBXFileReference; lastKnownFileType = sourcecode.swift; path = GEMMKernel.swift; sourceTree = "<group>"; };
		9881AA1F2C25B26D0056D05C /* ShaderCache.swift */ = {isa = PBXFileReference; lastKnownFileType = sourcecode.swift; path = ShaderCache.swift; sourceTree = "<group>"; };
		9881AA222C25C22B0056D05C /* LaplacianTest.swift */ = {isa = PBXFileReference; lastKnownFileType = sourcecode.swift; path = LaplacianTest.swift; sourceTree = "<group>"; };
		9881AA242C25FDC20056D05C /* AdversarialShapeTest.swift */ = {isa = PBXFileReference; lastKnownFileType = sourcecode.swift; path = AdversarialShapeTest.swift; sourceTree = "<group>"; };
		98DA5B352C2AFD65000F4E06 /* Network.swift */ = {isa = PBXFileReference; lastKnownFileType = sourcecode.swift; path = Network.swift; sourceTree = "<group>"; };
		98DA5B372C2AFF9E000F4E06 /* FiniteDifferencingTest.swift */ = {isa = PBXFileReference; lastKnownFileType = sourcecode.swift; path = FiniteDifferencingTest.swift; sourceTree = "<group>"; };
		98DA5B392C2B3A6D000F4E06 /* Softmax.swift */ = {isa = PBXFileReference; lastKnownFileType = sourcecode.swift; path = Softmax.swift; sourceTree = "<group>"; };
		98DA5B3C2C2C5086000F4E06 /* MTLContext.swift */ = {isa = PBXFileReference; lastKnownFileType = sourcecode.swift; path = MTLContext.swift; sourceTree = "<group>"; };
		98DA5B3F2C2C91BF000F4E06 /* SoftmaxTest.swift */ = {isa = PBXFileReference; lastKnownFileType = sourcecode.swift; path = SoftmaxTest.swift; sourceTree = "<group>"; };
		98DA5B412C2CA75D000F4E06 /* DerivativeSoftmax.swift */ = {isa = PBXFileReference; lastKnownFileType = sourcecode.swift; path = DerivativeSoftmax.swift; sourceTree = "<group>"; };
		98DA5B432C2DB893000F4E06 /* DerivativeSoftmaxTest.swift */ = {isa = PBXFileReference; lastKnownFileType = sourcecode.swift; path = DerivativeSoftmaxTest.swift; sourceTree = "<group>"; };
		98DA5B472C2DE2DA000F4E06 /* Attention.swift */ = {isa = PBXFileReference; lastKnownFileType = sourcecode.swift; path = Attention.swift; sourceTree = "<group>"; };
/* End PBXFileReference section */

/* Begin PBXFrameworksBuildPhase section */
		9881A9EF2C24C8230056D05C /* Frameworks */ = {
			isa = PBXFrameworksBuildPhase;
			buildActionMask = 2147483647;
			files = (
				98DA5B322C29F04A000F4E06 /* Numerics in Frameworks */,
				98DA5B302C29F04A000F4E06 /* ComplexModule in Frameworks */,
				98DA5B342C29F04A000F4E06 /* RealModule in Frameworks */,
			);
			runOnlyForDeploymentPostprocessing = 0;
		};
/* End PBXFrameworksBuildPhase section */

/* Begin PBXGroup section */
		9881A9E92C24C8230056D05C = {
			isa = PBXGroup;
			children = (
				9881AA082C24C9610056D05C /* README.md */,
				9881A9F42C24C8230056D05C /* FlashAttention */,
				9881A9F32C24C8230056D05C /* Products */,
			);
			sourceTree = "<group>";
		};
		9881A9F32C24C8230056D05C /* Products */ = {
			isa = PBXGroup;
			children = (
				9881A9F22C24C8230056D05C /* FlashAttention.app */,
			);
			name = Products;
			sourceTree = "<group>";
		};
		9881A9F42C24C8230056D05C /* FlashAttention */ = {
			isa = PBXGroup;
			children = (
				98DA5B3B2C2B3A81000F4E06 /* Attention */,
				9881AA122C25AEA80056D05C /* GEMM */,
				98DA5B3E2C2C5101000F4E06 /* Utillities */,
				9881AA212C25C21F0056D05C /* Tests */,
				9881A9F72C24C8230056D05C /* ContentView.swift */,
				9881A9F52C24C8230056D05C /* FlashAttentionApp.swift */,
				9881AA042C24C85E0056D05C /* Workspace.swift */,
				9881A9F92C24C8240056D05C /* Assets.xcassets */,
				9881A9FB2C24C8240056D05C /* FlashAttention.entitlements */,
				9881A9FC2C24C8240056D05C /* Preview Content */,
			);
			path = FlashAttention;
			sourceTree = "<group>";
		};
		9881A9FC2C24C8240056D05C /* Preview Content */ = {
			isa = PBXGroup;
			children = (
				9881A9FD2C24C8240056D05C /* Preview Assets.xcassets */,
			);
			path = "Preview Content";
			sourceTree = "<group>";
		};
		9881AA122C25AEA80056D05C /* GEMM */ = {
			isa = PBXGroup;
			children = (
				9881AA1B2C25B11C0056D05C /* CoreCount.swift */,
				9881AA192C25B0F70056D05C /* GEMMDescriptor.swift */,
				9881AA172C25B0440056D05C /* GEMMHeaders.swift */,
				9881AA1D2C25B1ED0056D05C /* GEMMKernel.swift */,
				9881AA132C25AED50056D05C /* GEMMKernelDescriptor.swift */,
				9881AA152C25AEF10056D05C /* GEMMOperandPrecision.swift */,
				9881AA1F2C25B26D0056D05C /* ShaderCache.swift */,
			);
			path = GEMM;
			sourceTree = "<group>";
		};
		9881AA212C25C21F0056D05C /* Tests */ = {
			isa = PBXGroup;
			children = (
				9881AA242C25FDC20056D05C /* AdversarialShapeTest.swift */,
				98DA5B432C2DB893000F4E06 /* DerivativeSoftmaxTest.swift */,
				98DA5B372C2AFF9E000F4E06 /* FiniteDifferencingTest.swift */,
				9881AA222C25C22B0056D05C /* LaplacianTest.swift */,
				98DA5B3F2C2C91BF000F4E06 /* SoftmaxTest.swift */,
			);
			path = Tests;
			sourceTree = "<group>";
		};
		98DA5B3B2C2B3A81000F4E06 /* Attention */ = {
			isa = PBXGroup;
			children = (
				98DA5B472C2DE2DA000F4E06 /* Attention.swift */,
				98DA5B412C2CA75D000F4E06 /* DerivativeSoftmax.swift */,
				98DA5B352C2AFD65000F4E06 /* Network.swift */,
				98DA5B392C2B3A6D000F4E06 /* Softmax.swift */,
			);
			path = Attention;
			sourceTree = "<group>";
		};
		98DA5B3E2C2C5101000F4E06 /* Utillities */ = {
			isa = PBXGroup;
			children = (
				98DA5B3C2C2C5086000F4E06 /* MTLContext.swift */,
			);
			path = Utillities;
			sourceTree = "<group>";
		};
/* End PBXGroup section */

/* Begin PBXNativeTarget section */
		9881A9F12C24C8230056D05C /* FlashAttention */ = {
			isa = PBXNativeTarget;
			buildConfigurationList = 9881AA012C24C8240056D05C /* Build configuration list for PBXNativeTarget "FlashAttention" */;
			buildPhases = (
				9881A9EE2C24C8230056D05C /* Sources */,
				9881A9EF2C24C8230056D05C /* Frameworks */,
				9881A9F02C24C8230056D05C /* Resources */,
			);
			buildRules = (
			);
			dependencies = (
			);
			name = FlashAttention;
			packageProductDependencies = (
				98DA5B2F2C29F04A000F4E06 /* ComplexModule */,
				98DA5B312C29F04A000F4E06 /* Numerics */,
				98DA5B332C29F04A000F4E06 /* RealModule */,
			);
			productName = FlashAttention;
			productReference = 9881A9F22C24C8230056D05C /* FlashAttention.app */;
			productType = "com.apple.product-type.application";
		};
/* End PBXNativeTarget section */

/* Begin PBXProject section */
		9881A9EA2C24C8230056D05C /* Project object */ = {
			isa = PBXProject;
			attributes = {
				BuildIndependentTargetsInParallel = 1;
				LastSwiftUpdateCheck = 1540;
				LastUpgradeCheck = 1540;
				TargetAttributes = {
					9881A9F12C24C8230056D05C = {
						CreatedOnToolsVersion = 15.4;
					};
				};
			};
			buildConfigurationList = 9881A9ED2C24C8230056D05C /* Build configuration list for PBXProject "FlashAttention" */;
			compatibilityVersion = "Xcode 14.0";
			developmentRegion = en;
			hasScannedForEncodings = 0;
			knownRegions = (
				en,
				Base,
			);
			mainGroup = 9881A9E92C24C8230056D05C;
			packageReferences = (
				98DA5B2E2C29F04A000F4E06 /* XCRemoteSwiftPackageReference "swift-numerics" */,
			);
			productRefGroup = 9881A9F32C24C8230056D05C /* Products */;
			projectDirPath = "";
			projectRoot = "";
			targets = (
				9881A9F12C24C8230056D05C /* FlashAttention */,
			);
		};
/* End PBXProject section */

/* Begin PBXResourcesBuildPhase section */
		9881A9F02C24C8230056D05C /* Resources */ = {
			isa = PBXResourcesBuildPhase;
			buildActionMask = 2147483647;
			files = (
				9881AA092C24C9610056D05C /* README.md in Resources */,
				9881A9FE2C24C8240056D05C /* Preview Assets.xcassets in Resources */,
				9881A9FA2C24C8240056D05C /* Assets.xcassets in Resources */,
			);
			runOnlyForDeploymentPostprocessing = 0;
		};
/* End PBXResourcesBuildPhase section */

/* Begin PBXSourcesBuildPhase section */
		9881A9EE2C24C8230056D05C /* Sources */ = {
			isa = PBXSourcesBuildPhase;
			buildActionMask = 2147483647;
			files = (
				98DA5B362C2AFD65000F4E06 /* Network.swift in Sources */,
				9881AA182C25B0440056D05C /* GEMMHeaders.swift in Sources */,
				98DA5B382C2AFF9E000F4E06 /* FiniteDifferencingTest.swift in Sources */,
				9881AA202C25B26D0056D05C /* ShaderCache.swift in Sources */,
				98DA5B482C2DE2DA000F4E06 /* Attention.swift in Sources */,
				9881AA1A2C25B0F70056D05C /* GEMMDescriptor.swift in Sources */,
				9881AA052C24C85E0056D05C /* Workspace.swift in Sources */,
				9881AA252C25FDC20056D05C /* AdversarialShapeTest.swift in Sources */,
				9881A9F82C24C8230056D05C /* ContentView.swift in Sources */,
				98DA5B422C2CA75D000F4E06 /* DerivativeSoftmax.swift in Sources */,
				9881AA232C25C22B0056D05C /* LaplacianTest.swift in Sources */,
				9881AA1C2C25B11C0056D05C /* CoreCount.swift in Sources */,
				98DA5B442C2DB893000F4E06 /* DerivativeSoftmaxTest.swift in Sources */,
				9881A9F62C24C8230056D05C /* FlashAttentionApp.swift in Sources */,
				98DA5B402C2C91BF000F4E06 /* SoftmaxTest.swift in Sources */,
				9881AA1E2C25B1ED0056D05C /* GEMMKernel.swift in Sources */,
				9881AA142C25AED50056D05C /* GEMMKernelDescriptor.swift in Sources */,
				98DA5B3D2C2C5086000F4E06 /* MTLContext.swift in Sources */,
				9881AA162C25AEF10056D05C /* GEMMOperandPrecision.swift in Sources */,
				98DA5B3A2C2B3A6D000F4E06 /* Softmax.swift in Sources */,
			);
			runOnlyForDeploymentPostprocessing = 0;
		};
/* End PBXSourcesBuildPhase section */

/* Begin XCBuildConfiguration section */
		9881A9FF2C24C8240056D05C /* Debug */ = {
			isa = XCBuildConfiguration;
			buildSettings = {
				ALWAYS_SEARCH_USER_PATHS = NO;
				ASSETCATALOG_COMPILER_GENERATE_SWIFT_ASSET_SYMBOL_EXTENSIONS = YES;
				CLANG_ANALYZER_NONNULL = YES;
				CLANG_ANALYZER_NUMBER_OBJECT_CONVERSION = YES_AGGRESSIVE;
				CLANG_CXX_LANGUAGE_STANDARD = "gnu++20";
				CLANG_ENABLE_MODULES = YES;
				CLANG_ENABLE_OBJC_ARC = YES;
				CLANG_ENABLE_OBJC_WEAK = YES;
				CLANG_WARN_BLOCK_CAPTURE_AUTORELEASING = YES;
				CLANG_WARN_BOOL_CONVERSION = YES;
				CLANG_WARN_COMMA = YES;
				CLANG_WARN_CONSTANT_CONVERSION = YES;
				CLANG_WARN_DEPRECATED_OBJC_IMPLEMENTATIONS = YES;
				CLANG_WARN_DIRECT_OBJC_ISA_USAGE = YES_ERROR;
				CLANG_WARN_DOCUMENTATION_COMMENTS = YES;
				CLANG_WARN_EMPTY_BODY = YES;
				CLANG_WARN_ENUM_CONVERSION = YES;
				CLANG_WARN_INFINITE_RECURSION = YES;
				CLANG_WARN_INT_CONVERSION = YES;
				CLANG_WARN_NON_LITERAL_NULL_CONVERSION = YES;
				CLANG_WARN_OBJC_IMPLICIT_RETAIN_SELF = YES;
				CLANG_WARN_OBJC_LITERAL_CONVERSION = YES;
				CLANG_WARN_OBJC_ROOT_CLASS = YES_ERROR;
				CLANG_WARN_QUOTED_INCLUDE_IN_FRAMEWORK_HEADER = YES;
				CLANG_WARN_RANGE_LOOP_ANALYSIS = YES;
				CLANG_WARN_STRICT_PROTOTYPES = YES;
				CLANG_WARN_SUSPICIOUS_MOVE = YES;
				CLANG_WARN_UNGUARDED_AVAILABILITY = YES_AGGRESSIVE;
				CLANG_WARN_UNREACHABLE_CODE = YES;
				CLANG_WARN__DUPLICATE_METHOD_MATCH = YES;
				COPY_PHASE_STRIP = NO;
				DEBUG_INFORMATION_FORMAT = dwarf;
				ENABLE_STRICT_OBJC_MSGSEND = YES;
				ENABLE_TESTABILITY = YES;
				ENABLE_USER_SCRIPT_SANDBOXING = YES;
				GCC_C_LANGUAGE_STANDARD = gnu17;
				GCC_DYNAMIC_NO_PIC = NO;
				GCC_NO_COMMON_BLOCKS = YES;
				GCC_OPTIMIZATION_LEVEL = 0;
				GCC_PREPROCESSOR_DEFINITIONS = (
					"DEBUG=1",
					"$(inherited)",
				);
				GCC_WARN_64_TO_32_BIT_CONVERSION = YES;
				GCC_WARN_ABOUT_RETURN_TYPE = YES_ERROR;
				GCC_WARN_UNDECLARED_SELECTOR = YES;
				GCC_WARN_UNINITIALIZED_AUTOS = YES_AGGRESSIVE;
				GCC_WARN_UNUSED_FUNCTION = YES;
				GCC_WARN_UNUSED_VARIABLE = YES;
				LOCALIZATION_PREFERS_STRING_CATALOGS = YES;
				MTL_ENABLE_DEBUG_INFO = INCLUDE_SOURCE;
				MTL_FAST_MATH = YES;
				ONLY_ACTIVE_ARCH = YES;
				SWIFT_ACTIVE_COMPILATION_CONDITIONS = "DEBUG $(inherited)";
				SWIFT_OPTIMIZATION_LEVEL = "-Ounchecked";
			};
			name = Debug;
		};
		9881AA002C24C8240056D05C /* Release */ = {
			isa = XCBuildConfiguration;
			buildSettings = {
				ALWAYS_SEARCH_USER_PATHS = NO;
				ASSETCATALOG_COMPILER_GENERATE_SWIFT_ASSET_SYMBOL_EXTENSIONS = YES;
				CLANG_ANALYZER_NONNULL = YES;
				CLANG_ANALYZER_NUMBER_OBJECT_CONVERSION = YES_AGGRESSIVE;
				CLANG_CXX_LANGUAGE_STANDARD = "gnu++20";
				CLANG_ENABLE_MODULES = YES;
				CLANG_ENABLE_OBJC_ARC = YES;
				CLANG_ENABLE_OBJC_WEAK = YES;
				CLANG_WARN_BLOCK_CAPTURE_AUTORELEASING = YES;
				CLANG_WARN_BOOL_CONVERSION = YES;
				CLANG_WARN_COMMA = YES;
				CLANG_WARN_CONSTANT_CONVERSION = YES;
				CLANG_WARN_DEPRECATED_OBJC_IMPLEMENTATIONS = YES;
				CLANG_WARN_DIRECT_OBJC_ISA_USAGE = YES_ERROR;
				CLANG_WARN_DOCUMENTATION_COMMENTS = YES;
				CLANG_WARN_EMPTY_BODY = YES;
				CLANG_WARN_ENUM_CONVERSION = YES;
				CLANG_WARN_INFINITE_RECURSION = YES;
				CLANG_WARN_INT_CONVERSION = YES;
				CLANG_WARN_NON_LITERAL_NULL_CONVERSION = YES;
				CLANG_WARN_OBJC_IMPLICIT_RETAIN_SELF = YES;
				CLANG_WARN_OBJC_LITERAL_CONVERSION = YES;
				CLANG_WARN_OBJC_ROOT_CLASS = YES_ERROR;
				CLANG_WARN_QUOTED_INCLUDE_IN_FRAMEWORK_HEADER = YES;
				CLANG_WARN_RANGE_LOOP_ANALYSIS = YES;
				CLANG_WARN_STRICT_PROTOTYPES = YES;
				CLANG_WARN_SUSPICIOUS_MOVE = YES;
				CLANG_WARN_UNGUARDED_AVAILABILITY = YES_AGGRESSIVE;
				CLANG_WARN_UNREACHABLE_CODE = YES;
				CLANG_WARN__DUPLICATE_METHOD_MATCH = YES;
				COPY_PHASE_STRIP = NO;
				DEBUG_INFORMATION_FORMAT = "dwarf-with-dsym";
				ENABLE_NS_ASSERTIONS = NO;
				ENABLE_STRICT_OBJC_MSGSEND = YES;
				ENABLE_USER_SCRIPT_SANDBOXING = YES;
				GCC_C_LANGUAGE_STANDARD = gnu17;
				GCC_NO_COMMON_BLOCKS = YES;
				GCC_WARN_64_TO_32_BIT_CONVERSION = YES;
				GCC_WARN_ABOUT_RETURN_TYPE = YES_ERROR;
				GCC_WARN_UNDECLARED_SELECTOR = YES;
				GCC_WARN_UNINITIALIZED_AUTOS = YES_AGGRESSIVE;
				GCC_WARN_UNUSED_FUNCTION = YES;
				GCC_WARN_UNUSED_VARIABLE = YES;
				LOCALIZATION_PREFERS_STRING_CATALOGS = YES;
				MTL_ENABLE_DEBUG_INFO = NO;
				MTL_FAST_MATH = YES;
				SWIFT_COMPILATION_MODE = singlefile;
				SWIFT_OPTIMIZATION_LEVEL = "-Ounchecked";
			};
			name = Release;
		};
		9881AA022C24C8240056D05C /* Debug */ = {
			isa = XCBuildConfiguration;
			buildSettings = {
				ASSETCATALOG_COMPILER_APPICON_NAME = AppIcon;
				ASSETCATALOG_COMPILER_GLOBAL_ACCENT_COLOR_NAME = AccentColor;
				CODE_SIGN_ENTITLEMENTS = FlashAttention/FlashAttention.entitlements;
				CODE_SIGN_STYLE = Automatic;
				CURRENT_PROJECT_VERSION = 1;
				DEVELOPMENT_ASSET_PATHS = "\"FlashAttention/Preview Content\"";
				DEVELOPMENT_TEAM = 6T952M2592;
				ENABLE_HARDENED_RUNTIME = YES;
				ENABLE_PREVIEWS = YES;
				GENERATE_INFOPLIST_FILE = YES;
				"INFOPLIST_KEY_UIApplicationSceneManifest_Generation[sdk=iphoneos*]" = YES;
				"INFOPLIST_KEY_UIApplicationSceneManifest_Generation[sdk=iphonesimulator*]" = YES;
				"INFOPLIST_KEY_UIApplicationSupportsIndirectInputEvents[sdk=iphoneos*]" = YES;
				"INFOPLIST_KEY_UIApplicationSupportsIndirectInputEvents[sdk=iphonesimulator*]" = YES;
				"INFOPLIST_KEY_UILaunchScreen_Generation[sdk=iphoneos*]" = YES;
				"INFOPLIST_KEY_UILaunchScreen_Generation[sdk=iphonesimulator*]" = YES;
				"INFOPLIST_KEY_UIStatusBarStyle[sdk=iphoneos*]" = UIStatusBarStyleDefault;
				"INFOPLIST_KEY_UIStatusBarStyle[sdk=iphonesimulator*]" = UIStatusBarStyleDefault;
				INFOPLIST_KEY_UISupportedInterfaceOrientations_iPad = "UIInterfaceOrientationPortrait UIInterfaceOrientationPortraitUpsideDown UIInterfaceOrientationLandscapeLeft UIInterfaceOrientationLandscapeRight";
				INFOPLIST_KEY_UISupportedInterfaceOrientations_iPhone = "UIInterfaceOrientationPortrait UIInterfaceOrientationLandscapeLeft UIInterfaceOrientationLandscapeRight";
				IPHONEOS_DEPLOYMENT_TARGET = 17.5;
				LD_RUNPATH_SEARCH_PATHS = "@executable_path/Frameworks";
				"LD_RUNPATH_SEARCH_PATHS[sdk=macosx*]" = "@executable_path/../Frameworks";
				MACOSX_DEPLOYMENT_TARGET = 14.3;
				MARKETING_VERSION = 1.0;
				PRODUCT_BUNDLE_IDENTIFIER = "com.philipturner-opensource.FlashAttention";
				PRODUCT_NAME = "$(TARGET_NAME)";
				SDKROOT = auto;
				SUPPORTED_PLATFORMS = "iphoneos iphonesimulator macosx";
				SWIFT_EMIT_LOC_STRINGS = YES;
				SWIFT_VERSION = 5.0;
				TARGETED_DEVICE_FAMILY = "1,2";
			};
			name = Debug;
		};
		9881AA032C24C8240056D05C /* Release */ = {
			isa = XCBuildConfiguration;
			buildSettings = {
				ASSETCATALOG_COMPILER_APPICON_NAME = AppIcon;
				ASSETCATALOG_COMPILER_GLOBAL_ACCENT_COLOR_NAME = AccentColor;
				CODE_SIGN_ENTITLEMENTS = FlashAttention/FlashAttention.entitlements;
				CODE_SIGN_STYLE = Automatic;
				CURRENT_PROJECT_VERSION = 1;
				DEVELOPMENT_ASSET_PATHS = "\"FlashAttention/Preview Content\"";
				DEVELOPMENT_TEAM = 6T952M2592;
				ENABLE_HARDENED_RUNTIME = YES;
				ENABLE_PREVIEWS = YES;
				GENERATE_INFOPLIST_FILE = YES;
				"INFOPLIST_KEY_UIApplicationSceneManifest_Generation[sdk=iphoneos*]" = YES;
				"INFOPLIST_KEY_UIApplicationSceneManifest_Generation[sdk=iphonesimulator*]" = YES;
				"INFOPLIST_KEY_UIApplicationSupportsIndirectInputEvents[sdk=iphoneos*]" = YES;
				"INFOPLIST_KEY_UIApplicationSupportsIndirectInputEvents[sdk=iphonesimulator*]" = YES;
				"INFOPLIST_KEY_UILaunchScreen_Generation[sdk=iphoneos*]" = YES;
				"INFOPLIST_KEY_UILaunchScreen_Generation[sdk=iphonesimulator*]" = YES;
				"INFOPLIST_KEY_UIStatusBarStyle[sdk=iphoneos*]" = UIStatusBarStyleDefault;
				"INFOPLIST_KEY_UIStatusBarStyle[sdk=iphonesimulator*]" = UIStatusBarStyleDefault;
				INFOPLIST_KEY_UISupportedInterfaceOrientations_iPad = "UIInterfaceOrientationPortrait UIInterfaceOrientationPortraitUpsideDown UIInterfaceOrientationLandscapeLeft UIInterfaceOrientationLandscapeRight";
				INFOPLIST_KEY_UISupportedInterfaceOrientations_iPhone = "UIInterfaceOrientationPortrait UIInterfaceOrientationLandscapeLeft UIInterfaceOrientationLandscapeRight";
				IPHONEOS_DEPLOYMENT_TARGET = 17.5;
				LD_RUNPATH_SEARCH_PATHS = "@executable_path/Frameworks";
				"LD_RUNPATH_SEARCH_PATHS[sdk=macosx*]" = "@executable_path/../Frameworks";
				MACOSX_DEPLOYMENT_TARGET = 14.3;
				MARKETING_VERSION = 1.0;
				PRODUCT_BUNDLE_IDENTIFIER = "com.philipturner-opensource.FlashAttention";
				PRODUCT_NAME = "$(TARGET_NAME)";
				SDKROOT = auto;
				SUPPORTED_PLATFORMS = "iphoneos iphonesimulator macosx";
				SWIFT_EMIT_LOC_STRINGS = YES;
				SWIFT_VERSION = 5.0;
				TARGETED_DEVICE_FAMILY = "1,2";
			};
			name = Release;
		};
/* End XCBuildConfiguration section */

/* Begin XCConfigurationList section */
		9881A9ED2C24C8230056D05C /* Build configuration list for PBXProject "FlashAttention" */ = {
			isa = XCConfigurationList;
			buildConfigurations = (
				9881A9FF2C24C8240056D05C /* Debug */,
				9881AA002C24C8240056D05C /* Release */,
			);
			defaultConfigurationIsVisible = 0;
			defaultConfigurationName = Release;
		};
		9881AA012C24C8240056D05C /* Build configuration list for PBXNativeTarget "FlashAttention" */ = {
			isa = XCConfigurationList;
			buildConfigurations = (
				9881AA022C24C8240056D05C /* Debug */,
				9881AA032C24C8240056D05C /* Release */,
			);
			defaultConfigurationIsVisible = 0;
			defaultConfigurationName = Release;
		};
/* End XCConfigurationList section */

/* Begin XCRemoteSwiftPackageReference section */
		98DA5B2E2C29F04A000F4E06 /* XCRemoteSwiftPackageReference "swift-numerics" */ = {
			isa = XCRemoteSwiftPackageReference;
			repositoryURL = "https://github.com/apple/swift-numerics.git";
			requirement = {
				kind = upToNextMajorVersion;
				minimumVersion = 1.0.2;
			};
		};
/* End XCRemoteSwiftPackageReference section */

/* Begin XCSwiftPackageProductDependency section */
		98DA5B2F2C29F04A000F4E06 /* ComplexModule */ = {
			isa = XCSwiftPackageProductDependency;
			package = 98DA5B2E2C29F04A000F4E06 /* XCRemoteSwiftPackageReference "swift-numerics" */;
			productName = ComplexModule;
		};
		98DA5B312C29F04A000F4E06 /* Numerics */ = {
			isa = XCSwiftPackageProductDependency;
			package = 98DA5B2E2C29F04A000F4E06 /* XCRemoteSwiftPackageReference "swift-numerics" */;
			productName = Numerics;
		};
		98DA5B332C29F04A000F4E06 /* RealModule */ = {
			isa = XCSwiftPackageProductDependency;
			package = 98DA5B2E2C29F04A000F4E06 /* XCRemoteSwiftPackageReference "swift-numerics" */;
			productName = RealModule;
		};
/* End XCSwiftPackageProductDependency section */
	};
	rootObject = 9881A9EA2C24C8230056D05C /* Project object */;
}
