// !$*UTF8*$!
{
	archiveVersion = 1;
	classes = {
	};
	objectVersion = 56;
	objects = {

/* Begin PBXBuildFile section */
		980070F62A66E4490097D21F /* AttentionPerfTests.swift in Sources */ = {isa = PBXBuildFile; fileRef = 980070F52A66E4490097D21F /* AttentionPerfTests.swift */; };
		980EDCFD2A4E10A100BC9BF0 /* CorrectnessTests.swift in Sources */ = {isa = PBXBuildFile; fileRef = 980EDCFC2A4E10A100BC9BF0 /* CorrectnessTests.swift */; };
		9835F45A2A4A3BA40095D0D0 /* Attention.metal in Sources */ = {isa = PBXBuildFile; fileRef = 9835F4592A4A3BA40095D0D0 /* Attention.metal */; };
		9835F45C2A4A3BAD0095D0D0 /* Convolution.metal in Sources */ = {isa = PBXBuildFile; fileRef = 9835F45B2A4A3BAD0095D0D0 /* Convolution.metal */; };
		9835F45E2A4A81150095D0D0 /* Normalization.metal in Sources */ = {isa = PBXBuildFile; fileRef = 9835F45D2A4A81150095D0D0 /* Normalization.metal */; };
		9835F4632A4B14430095D0D0 /* PythonKit in Frameworks */ = {isa = PBXBuildFile; productRef = 9835F4622A4B14430095D0D0 /* PythonKit */; };
		9835F4672A4B35FF0095D0D0 /* AppleGPUInfo in Frameworks */ = {isa = PBXBuildFile; productRef = 9835F4662A4B35FF0095D0D0 /* AppleGPUInfo */; };
		9835F4692A4B36DB0095D0D0 /* MetalFlashAttention.swift in Sources */ = {isa = PBXBuildFile; fileRef = 9835F4682A4B36DB0095D0D0 /* MetalFlashAttention.swift */; };
		9835F46B2A4B36E70095D0D0 /* MetalPerformanceShadersGraph.swift in Sources */ = {isa = PBXBuildFile; fileRef = 9835F46A2A4B36E70095D0D0 /* MetalPerformanceShadersGraph.swift */; };
		9835F46D2A4B36F60095D0D0 /* Python.swift in Sources */ = {isa = PBXBuildFile; fileRef = 9835F46C2A4B36F60095D0D0 /* Python.swift */; };
		9835F46F2A4B37110095D0D0 /* Matplotlib.swift in Sources */ = {isa = PBXBuildFile; fileRef = 9835F46E2A4B37110095D0D0 /* Matplotlib.swift */; };
		9835F4712A4B39290095D0D0 /* Metal.swift in Sources */ = {isa = PBXBuildFile; fileRef = 9835F4702A4B39290095D0D0 /* Metal.swift */; };
		9835F4732A4B39C80095D0D0 /* NumPy.swift in Sources */ = {isa = PBXBuildFile; fileRef = 9835F4722A4B39C80095D0D0 /* NumPy.swift */; };
		9835F47B2A4B4F3C0095D0D0 /* libMetalFlashAttention.metallib in CopyFiles */ = {isa = PBXBuildFile; fileRef = 9835F47A2A4B4F300095D0D0 /* libMetalFlashAttention.metallib */; settings = {ATTRIBUTES = (CodeSignOnCopy, ); }; };
		9835F47D2A4B53F40095D0D0 /* Operation.swift in Sources */ = {isa = PBXBuildFile; fileRef = 9835F47C2A4B53F40095D0D0 /* Operation.swift */; };
		9835F47F2A4B55580095D0D0 /* TensorBuffer.swift in Sources */ = {isa = PBXBuildFile; fileRef = 9835F47E2A4B55580095D0D0 /* TensorBuffer.swift */; };
		9835F4822A4B58530095D0D0 /* DataType.swift in Sources */ = {isa = PBXBuildFile; fileRef = 9835F4812A4B58530095D0D0 /* DataType.swift */; };
		984279D72A619008001BBD55 /* AttentionTest.swift in Sources */ = {isa = PBXBuildFile; fileRef = 984279D62A619008001BBD55 /* AttentionTest.swift */; };
		987E35DF2A45E4F400ACACE3 /* main.swift in Sources */ = {isa = PBXBuildFile; fileRef = 987E35DE2A45E4F400ACACE3 /* main.swift */; };
		98C795182A4B730E00DB688D /* Tensor.swift in Sources */ = {isa = PBXBuildFile; fileRef = 98C795172A4B730E00DB688D /* Tensor.swift */; };
		98C7951B2A4B73A000DB688D /* EuclideanDistance.swift in Sources */ = {isa = PBXBuildFile; fileRef = 98C7951A2A4B73A000DB688D /* EuclideanDistance.swift */; };
		98C7951D2A4B8AFF00DB688D /* TensorBackend.swift in Sources */ = {isa = PBXBuildFile; fileRef = 98C7951C2A4B8AFF00DB688D /* TensorBackend.swift */; };
		98C795202A4B8D0900DB688D /* GEMM.swift in Sources */ = {isa = PBXBuildFile; fileRef = 98C7951F2A4B8D0900DB688D /* GEMM.swift */; };
		98C795222A4B8D0E00DB688D /* Attention.swift in Sources */ = {isa = PBXBuildFile; fileRef = 98C795212A4B8D0E00DB688D /* Attention.swift */; };
		98C795242A4B8D1600DB688D /* Convolution.swift in Sources */ = {isa = PBXBuildFile; fileRef = 98C795232A4B8D1600DB688D /* Convolution.swift */; };
		98C795262A4B8D3E00DB688D /* Normalization.swift in Sources */ = {isa = PBXBuildFile; fileRef = 98C795252A4B8D3E00DB688D /* Normalization.swift */; };
		98C795282A4B95EC00DB688D /* GEMMPerfTests.swift in Sources */ = {isa = PBXBuildFile; fileRef = 98C795272A4B95EC00DB688D /* GEMMPerfTests.swift */; };
		98C7952A2A4B962B00DB688D /* MFATestCase.swift in Sources */ = {isa = PBXBuildFile; fileRef = 98C795292A4B962B00DB688D /* MFATestCase.swift */; };
		98C7952C2A4C714400DB688D /* Random.swift in Sources */ = {isa = PBXBuildFile; fileRef = 98C7952B2A4C714400DB688D /* Random.swift */; };
		98C795302A4C71A400DB688D /* Atomics in Frameworks */ = {isa = PBXBuildFile; productRef = 98C7952F2A4C71A400DB688D /* Atomics */; };
		98C795322A4DC1F200DB688D /* GEMMSquareBenchmark.swift in Sources */ = {isa = PBXBuildFile; fileRef = 98C795312A4DC1F200DB688D /* GEMMSquareBenchmark.swift */; };
		98F2F5DD2A60978C006216F4 /* GEMMTransposeTest.swift in Sources */ = {isa = PBXBuildFile; fileRef = 98F2F5DC2A60978C006216F4 /* GEMMTransposeTest.swift */; };
/* End PBXBuildFile section */

/* Begin PBXCopyFilesBuildPhase section */
		987E35D92A45E4F400ACACE3 /* CopyFiles */ = {
			isa = PBXCopyFilesBuildPhase;
			buildActionMask = 12;
			dstPath = lib;
			dstSubfolderSpec = 7;
			files = (
				9835F47B2A4B4F3C0095D0D0 /* libMetalFlashAttention.metallib in CopyFiles */,
			);
			runOnlyForDeploymentPostprocessing = 0;
		};
/* End PBXCopyFilesBuildPhase section */

/* Begin PBXFileReference section */
		980070F52A66E4490097D21F /* AttentionPerfTests.swift */ = {isa = PBXFileReference; lastKnownFileType = sourcecode.swift; path = AttentionPerfTests.swift; sourceTree = "<group>"; };
		9802CB392A72A687004AFD03 /* metal_fault_counter */ = {isa = PBXFileReference; explicitFileType = sourcecode.metal; path = metal_fault_counter; sourceTree = "<group>"; };
		980EDCFC2A4E10A100BC9BF0 /* CorrectnessTests.swift */ = {isa = PBXFileReference; lastKnownFileType = sourcecode.swift; path = CorrectnessTests.swift; sourceTree = "<group>"; };
		98325C472A6B2A7000A4D7BB /* float32-small-sequences-latest.png */ = {isa = PBXFileReference; lastKnownFileType = image.png; path = "float32-small-sequences-latest.png"; sourceTree = "<group>"; };
		9835F4592A4A3BA40095D0D0 /* Attention.metal */ = {isa = PBXFileReference; lastKnownFileType = sourcecode.metal; path = Attention.metal; sourceTree = "<group>"; };
		9835F45B2A4A3BAD0095D0D0 /* Convolution.metal */ = {isa = PBXFileReference; lastKnownFileType = sourcecode.metal; path = Convolution.metal; sourceTree = "<group>"; };
		9835F45D2A4A81150095D0D0 /* Normalization.metal */ = {isa = PBXFileReference; lastKnownFileType = sourcecode.metal; path = Normalization.metal; sourceTree = "<group>"; };
		9835F4642A4B15300095D0D0 /* MetalFlashAttention.entitlements */ = {isa = PBXFileReference; lastKnownFileType = text.plist.entitlements; path = MetalFlashAttention.entitlements; sourceTree = "<group>"; };
		9835F4682A4B36DB0095D0D0 /* MetalFlashAttention.swift */ = {isa = PBXFileReference; lastKnownFileType = sourcecode.swift; path = MetalFlashAttention.swift; sourceTree = "<group>"; };
		9835F46A2A4B36E70095D0D0 /* MetalPerformanceShadersGraph.swift */ = {isa = PBXFileReference; lastKnownFileType = sourcecode.swift; path = MetalPerformanceShadersGraph.swift; sourceTree = "<group>"; };
		9835F46C2A4B36F60095D0D0 /* Python.swift */ = {isa = PBXFileReference; lastKnownFileType = sourcecode.swift; path = Python.swift; sourceTree = "<group>"; };
		9835F46E2A4B37110095D0D0 /* Matplotlib.swift */ = {isa = PBXFileReference; lastKnownFileType = sourcecode.swift; path = Matplotlib.swift; sourceTree = "<group>"; };
		9835F4702A4B39290095D0D0 /* Metal.swift */ = {isa = PBXFileReference; lastKnownFileType = sourcecode.swift; path = Metal.swift; sourceTree = "<group>"; };
		9835F4722A4B39C80095D0D0 /* NumPy.swift */ = {isa = PBXFileReference; lastKnownFileType = sourcecode.swift; path = NumPy.swift; sourceTree = "<group>"; };
		9835F4742A4B4B550095D0D0 /* metal_data_type */ = {isa = PBXFileReference; explicitFileType = sourcecode.metal; path = metal_data_type; sourceTree = "<group>"; };
		9835F47A2A4B4F300095D0D0 /* libMetalFlashAttention.metallib */ = {isa = PBXFileReference; lastKnownFileType = "archive.metal-library"; name = libMetalFlashAttention.metallib; path = lib/libMetalFlashAttention.metallib; sourceTree = "<group>"; };
		9835F47C2A4B53F40095D0D0 /* Operation.swift */ = {isa = PBXFileReference; lastKnownFileType = sourcecode.swift; path = Operation.swift; sourceTree = "<group>"; };
		9835F47E2A4B55580095D0D0 /* TensorBuffer.swift */ = {isa = PBXFileReference; lastKnownFileType = sourcecode.swift; path = TensorBuffer.swift; sourceTree = "<group>"; };
		9835F4812A4B58530095D0D0 /* DataType.swift */ = {isa = PBXFileReference; lastKnownFileType = sourcecode.swift; path = DataType.swift; sourceTree = "<group>"; };
		984279D62A619008001BBD55 /* AttentionTest.swift */ = {isa = PBXFileReference; lastKnownFileType = sourcecode.swift; path = AttentionTest.swift; sourceTree = "<group>"; };
		984F721A2A6EEB0E00C15D4A /* float16-small-sequences-latest.png */ = {isa = PBXFileReference; lastKnownFileType = image.png; path = "float16-small-sequences-latest.png"; sourceTree = "<group>"; };
		984F721B2A6EEC4B00C15D4A /* float16-large-sequences-latest.png */ = {isa = PBXFileReference; lastKnownFileType = image.png; path = "float16-large-sequences-latest.png"; sourceTree = "<group>"; };
		984F721C2A6EEE0F00C15D4A /* float16-small-causal-latest.png */ = {isa = PBXFileReference; lastKnownFileType = image.png; path = "float16-small-causal-latest.png"; sourceTree = "<group>"; };
		984F721D2A6EF09000C15D4A /* float16-head-sizes-latest.png */ = {isa = PBXFileReference; lastKnownFileType = image.png; path = "float16-head-sizes-latest.png"; sourceTree = "<group>"; };
		987E35DB2A45E4F400ACACE3 /* MetalFlashAttention */ = {isa = PBXFileReference; explicitFileType = "compiled.mach-o.executable"; includeInIndex = 0; path = MetalFlashAttention; sourceTree = BUILT_PRODUCTS_DIR; };
		987E35DE2A45E4F400ACACE3 /* main.swift */ = {isa = PBXFileReference; lastKnownFileType = sourcecode.swift; path = main.swift; sourceTree = "<group>"; };
		987E36012A45E5C600ACACE3 /* LICENSE */ = {isa = PBXFileReference; fileEncoding = 4; lastKnownFileType = text; path = LICENSE; sourceTree = "<group>"; };
		987E36022A45E5CC00ACACE3 /* README.md */ = {isa = PBXFileReference; fileEncoding = 4; lastKnownFileType = net.daringfireball.markdown; path = README.md; sourceTree = "<group>"; };
		987E36042A45E5D200ACACE3 /* HGEMM.png */ = {isa = PBXFileReference; lastKnownFileType = image.png; path = HGEMM.png; sourceTree = "<group>"; };
		987E36052A45E5D200ACACE3 /* old-gemm.metal */ = {isa = PBXFileReference; fileEncoding = 4; lastKnownFileType = sourcecode.metal; path = "old-gemm.metal"; sourceTree = "<group>"; };
		987E36062A45E5D200ACACE3 /* old-flash-attention.metal */ = {isa = PBXFileReference; fileEncoding = 4; lastKnownFileType = sourcecode.metal; path = "old-flash-attention.metal"; sourceTree = "<group>"; };
		987E36072A45E5D200ACACE3 /* SGEMM.png */ = {isa = PBXFileReference; lastKnownFileType = image.png; path = SGEMM.png; sourceTree = "<group>"; };
		987E36082A45E5D200ACACE3 /* old-simdgroup-matrix-internals.hpp */ = {isa = PBXFileReference; fileEncoding = 4; lastKnownFileType = sourcecode.cpp.h; path = "old-simdgroup-matrix-internals.hpp"; sourceTree = "<group>"; };
		987E360D2A45E6A100ACACE3 /* metal_simdgroup_event */ = {isa = PBXFileReference; explicitFileType = sourcecode.metal; path = metal_simdgroup_event; sourceTree = "<group>"; };
		987E36122A45E74800ACACE3 /* metal_simdgroup_matrix_storage */ = {isa = PBXFileReference; explicitFileType = sourcecode.metal; path = metal_simdgroup_matrix_storage; sourceTree = "<group>"; };
		987E36142A45E90700ACACE3 /* GEMM.metal */ = {isa = PBXFileReference; lastKnownFileType = sourcecode.metal; path = GEMM.metal; sourceTree = "<group>"; };
		98C795172A4B730E00DB688D /* Tensor.swift */ = {isa = PBXFileReference; lastKnownFileType = sourcecode.swift; path = Tensor.swift; sourceTree = "<group>"; };
		98C7951A2A4B73A000DB688D /* EuclideanDistance.swift */ = {isa = PBXFileReference; lastKnownFileType = sourcecode.swift; path = EuclideanDistance.swift; sourceTree = "<group>"; };
		98C7951C2A4B8AFF00DB688D /* TensorBackend.swift */ = {isa = PBXFileReference; lastKnownFileType = sourcecode.swift; path = TensorBackend.swift; sourceTree = "<group>"; };
		98C7951F2A4B8D0900DB688D /* GEMM.swift */ = {isa = PBXFileReference; lastKnownFileType = sourcecode.swift; path = GEMM.swift; sourceTree = "<group>"; };
		98C795212A4B8D0E00DB688D /* Attention.swift */ = {isa = PBXFileReference; lastKnownFileType = sourcecode.swift; path = Attention.swift; sourceTree = "<group>"; };
		98C795232A4B8D1600DB688D /* Convolution.swift */ = {isa = PBXFileReference; lastKnownFileType = sourcecode.swift; path = Convolution.swift; sourceTree = "<group>"; };
		98C795252A4B8D3E00DB688D /* Normalization.swift */ = {isa = PBXFileReference; lastKnownFileType = sourcecode.swift; path = Normalization.swift; sourceTree = "<group>"; };
		98C795272A4B95EC00DB688D /* GEMMPerfTests.swift */ = {isa = PBXFileReference; lastKnownFileType = sourcecode.swift; path = GEMMPerfTests.swift; sourceTree = "<group>"; };
		98C795292A4B962B00DB688D /* MFATestCase.swift */ = {isa = PBXFileReference; lastKnownFileType = sourcecode.swift; path = MFATestCase.swift; sourceTree = "<group>"; };
		98C7952B2A4C714400DB688D /* Random.swift */ = {isa = PBXFileReference; lastKnownFileType = sourcecode.swift; path = Random.swift; sourceTree = "<group>"; };
		98C795312A4DC1F200DB688D /* GEMMSquareBenchmark.swift */ = {isa = PBXFileReference; lastKnownFileType = sourcecode.swift; path = GEMMSquareBenchmark.swift; sourceTree = "<group>"; };
		98DFBD0C2A72F0EC002E4B47 /* float16-large-causal-latest.png */ = {isa = PBXFileReference; lastKnownFileType = image.png; path = "float16-large-causal-latest.png"; sourceTree = "<group>"; };
		98DFBD0D2A72F242002E4B47 /* float32-large-causal-latest.png */ = {isa = PBXFileReference; lastKnownFileType = image.png; path = "float32-large-causal-latest.png"; sourceTree = "<group>"; };
		98F2F5DC2A60978C006216F4 /* GEMMTransposeTest.swift */ = {isa = PBXFileReference; lastKnownFileType = sourcecode.swift; path = GEMMTransposeTest.swift; sourceTree = "<group>"; };
		98F7440E2A4A008C00B5E60A /* build.swift */ = {isa = PBXFileReference; lastKnownFileType = sourcecode.swift; path = build.swift; sourceTree = "<group>"; };
		98F7440F2A4A0CB200B5E60A /* API.md */ = {isa = PBXFileReference; lastKnownFileType = net.daringfireball.markdown; path = API.md; sourceTree = "<group>"; };
		98FDDEFD2A5870220096BC27 /* float32-nn-latest.png */ = {isa = PBXFileReference; lastKnownFileType = image.png; path = "float32-nn-latest.png"; sourceTree = "<group>"; };
		98FDDEFE2A5871800096BC27 /* float16-nn-latest.png */ = {isa = PBXFileReference; lastKnownFileType = image.png; path = "float16-nn-latest.png"; sourceTree = "<group>"; };
		98FDDEFF2A587CC10096BC27 /* float32-nt-latest.png */ = {isa = PBXFileReference; lastKnownFileType = image.png; path = "float32-nt-latest.png"; sourceTree = "<group>"; };
		98FDDF002A5895CE0096BC27 /* float16-nt-batched-latest.png */ = {isa = PBXFileReference; lastKnownFileType = image.png; path = "float16-nt-batched-latest.png"; sourceTree = "<group>"; };
/* End PBXFileReference section */

/* Begin PBXFrameworksBuildPhase section */
		987E35D82A45E4F400ACACE3 /* Frameworks */ = {
			isa = PBXFrameworksBuildPhase;
			buildActionMask = 2147483647;
			files = (
				98C795302A4C71A400DB688D /* Atomics in Frameworks */,
				9835F4672A4B35FF0095D0D0 /* AppleGPUInfo in Frameworks */,
				9835F4632A4B14430095D0D0 /* PythonKit in Frameworks */,
			);
			runOnlyForDeploymentPostprocessing = 0;
		};
/* End PBXFrameworksBuildPhase section */

/* Begin PBXGroup section */
		980EDCF92A4E081900BC9BF0 /* CI */ = {
			isa = PBXGroup;
			children = (
				98325C472A6B2A7000A4D7BB /* float32-small-sequences-latest.png */,
				984F721A2A6EEB0E00C15D4A /* float16-small-sequences-latest.png */,
				984F721B2A6EEC4B00C15D4A /* float16-large-sequences-latest.png */,
				98DFBD0D2A72F242002E4B47 /* float32-large-causal-latest.png */,
				984F721C2A6EEE0F00C15D4A /* float16-small-causal-latest.png */,
				98DFBD0C2A72F0EC002E4B47 /* float16-large-causal-latest.png */,
				984F721D2A6EF09000C15D4A /* float16-head-sizes-latest.png */,
				98FDDF002A5895CE0096BC27 /* float16-nt-batched-latest.png */,
				98FDDEFF2A587CC10096BC27 /* float32-nt-latest.png */,
				98FDDEFD2A5870220096BC27 /* float32-nn-latest.png */,
				98FDDEFE2A5871800096BC27 /* float16-nn-latest.png */,
			);
			path = CI;
			sourceTree = "<group>";
		};
		9835F4792A4B4F1D0095D0D0 /* build */ = {
			isa = PBXGroup;
			children = (
				9835F47A2A4B4F300095D0D0 /* libMetalFlashAttention.metallib */,
			);
			path = build;
			sourceTree = "<group>";
		};
		9835F4802A4B555B0095D0D0 /* Libraries */ = {
			isa = PBXGroup;
			children = (
				9835F46E2A4B37110095D0D0 /* Matplotlib.swift */,
				9835F4702A4B39290095D0D0 /* Metal.swift */,
				9835F4682A4B36DB0095D0D0 /* MetalFlashAttention.swift */,
				9835F46A2A4B36E70095D0D0 /* MetalPerformanceShadersGraph.swift */,
				9835F4722A4B39C80095D0D0 /* NumPy.swift */,
				9835F46C2A4B36F60095D0D0 /* Python.swift */,
			);
			path = Libraries;
			sourceTree = "<group>";
		};
		987E35D22A45E4F400ACACE3 = {
			isa = PBXGroup;
			children = (
				9835F4792A4B4F1D0095D0D0 /* build */,
				9835F4642A4B15300095D0D0 /* MetalFlashAttention.entitlements */,
				98F7440E2A4A008C00B5E60A /* build.swift */,
				980EDCF92A4E081900BC9BF0 /* CI */,
				987E36032A45E5D200ACACE3 /* Documentation */,
				987E36022A45E5CC00ACACE3 /* README.md */,
				987E36012A45E5C600ACACE3 /* LICENSE */,
				987E360B2A45E68500ACACE3 /* Sources */,
				987E35EA2A45E55C00ACACE3 /* Tests */,
				987E35DC2A45E4F400ACACE3 /* Products */,
			);
			sourceTree = "<group>";
		};
		987E35DC2A45E4F400ACACE3 /* Products */ = {
			isa = PBXGroup;
			children = (
				987E35DB2A45E4F400ACACE3 /* MetalFlashAttention */,
			);
			name = Products;
			sourceTree = "<group>";
		};
		987E35EA2A45E55C00ACACE3 /* Tests */ = {
			isa = PBXGroup;
			children = (
				987E35DE2A45E4F400ACACE3 /* main.swift */,
				9835F4802A4B555B0095D0D0 /* Libraries */,
				98C7951E2A4B8CFF00DB688D /* Operations */,
				98C795192A4B739500DB688D /* Tensor */,
				98C7952D2A4C714700DB688D /* Test Cases */,
			);
			path = Tests;
			sourceTree = "<group>";
		};
		987E36032A45E5D200ACACE3 /* Documentation */ = {
			isa = PBXGroup;
			children = (
				98F7440F2A4A0CB200B5E60A /* API.md */,
				987E36082A45E5D200ACACE3 /* old-simdgroup-matrix-internals.hpp */,
				987E36052A45E5D200ACACE3 /* old-gemm.metal */,
				987E36062A45E5D200ACACE3 /* old-flash-attention.metal */,
				987E36042A45E5D200ACACE3 /* HGEMM.png */,
				987E36072A45E5D200ACACE3 /* SGEMM.png */,
			);
			path = Documentation;
			sourceTree = "<group>";
		};
		987E360B2A45E68500ACACE3 /* Sources */ = {
			isa = PBXGroup;
			children = (
				9835F4592A4A3BA40095D0D0 /* Attention.metal */,
				9835F45B2A4A3BAD0095D0D0 /* Convolution.metal */,
				987E36142A45E90700ACACE3 /* GEMM.metal */,
				9835F45D2A4A81150095D0D0 /* Normalization.metal */,
				9835F4742A4B4B550095D0D0 /* metal_data_type */,
				9802CB392A72A687004AFD03 /* metal_fault_counter */,
				987E360D2A45E6A100ACACE3 /* metal_simdgroup_event */,
				987E36122A45E74800ACACE3 /* metal_simdgroup_matrix_storage */,
			);
			path = Sources;
			sourceTree = "<group>";
		};
		98C795192A4B739500DB688D /* Tensor */ = {
			isa = PBXGroup;
			children = (
				9835F4812A4B58530095D0D0 /* DataType.swift */,
				98C7951A2A4B73A000DB688D /* EuclideanDistance.swift */,
				98C7952B2A4C714400DB688D /* Random.swift */,
				98C795172A4B730E00DB688D /* Tensor.swift */,
				98C7951C2A4B8AFF00DB688D /* TensorBackend.swift */,
				9835F47E2A4B55580095D0D0 /* TensorBuffer.swift */,
			);
			path = Tensor;
			sourceTree = "<group>";
		};
		98C7951E2A4B8CFF00DB688D /* Operations */ = {
			isa = PBXGroup;
			children = (
				98C795212A4B8D0E00DB688D /* Attention.swift */,
				98C795232A4B8D1600DB688D /* Convolution.swift */,
				98C7951F2A4B8D0900DB688D /* GEMM.swift */,
				98C795252A4B8D3E00DB688D /* Normalization.swift */,
				9835F47C2A4B53F40095D0D0 /* Operation.swift */,
			);
			path = Operations;
			sourceTree = "<group>";
		};
		98C7952D2A4C714700DB688D /* Test Cases */ = {
			isa = PBXGroup;
			children = (
				984279D62A619008001BBD55 /* AttentionTest.swift */,
				980070F52A66E4490097D21F /* AttentionPerfTests.swift */,
				980EDCFC2A4E10A100BC9BF0 /* CorrectnessTests.swift */,
				98C795272A4B95EC00DB688D /* GEMMPerfTests.swift */,
				98C795312A4DC1F200DB688D /* GEMMSquareBenchmark.swift */,
				98F2F5DC2A60978C006216F4 /* GEMMTransposeTest.swift */,
				98C795292A4B962B00DB688D /* MFATestCase.swift */,
			);
			path = "Test Cases";
			sourceTree = "<group>";
		};
/* End PBXGroup section */

/* Begin PBXNativeTarget section */
		987E35DA2A45E4F400ACACE3 /* MetalFlashAttention */ = {
			isa = PBXNativeTarget;
			buildConfigurationList = 987E35E22A45E4F400ACACE3 /* Build configuration list for PBXNativeTarget "MetalFlashAttention" */;
			buildPhases = (
				9835F4582A4A328D0095D0D0 /* ShellScript */,
				987E35D72A45E4F400ACACE3 /* Sources */,
				987E35D82A45E4F400ACACE3 /* Frameworks */,
				987E35D92A45E4F400ACACE3 /* CopyFiles */,
			);
			buildRules = (
			);
			dependencies = (
			);
			name = MetalFlashAttention;
			packageProductDependencies = (
				9835F4622A4B14430095D0D0 /* PythonKit */,
				9835F4662A4B35FF0095D0D0 /* AppleGPUInfo */,
				98C7952F2A4C71A400DB688D /* Atomics */,
			);
			productName = MetalFlashAttention;
			productReference = 987E35DB2A45E4F400ACACE3 /* MetalFlashAttention */;
			productType = "com.apple.product-type.tool";
		};
/* End PBXNativeTarget section */

/* Begin PBXProject section */
		987E35D32A45E4F400ACACE3 /* Project object */ = {
			isa = PBXProject;
			attributes = {
				BuildIndependentTargetsInParallel = 1;
				LastSwiftUpdateCheck = 1500;
				LastUpgradeCheck = 1500;
				TargetAttributes = {
					987E35DA2A45E4F400ACACE3 = {
						CreatedOnToolsVersion = 15.0;
						LastSwiftMigration = 1500;
					};
				};
			};
			buildConfigurationList = 987E35D62A45E4F400ACACE3 /* Build configuration list for PBXProject "MetalFlashAttention" */;
			compatibilityVersion = "Xcode 14.0";
			developmentRegion = en;
			hasScannedForEncodings = 0;
			knownRegions = (
				en,
				Base,
			);
			mainGroup = 987E35D22A45E4F400ACACE3;
			packageReferences = (
				9835F4612A4B14430095D0D0 /* XCRemoteSwiftPackageReference "PythonKit" */,
				9835F4652A4B35FF0095D0D0 /* XCRemoteSwiftPackageReference "applegpuinfo" */,
				98C7952E2A4C71A400DB688D /* XCRemoteSwiftPackageReference "swift-atomics" */,
			);
			productRefGroup = 987E35DC2A45E4F400ACACE3 /* Products */;
			projectDirPath = "";
			projectRoot = "";
			targets = (
				987E35DA2A45E4F400ACACE3 /* MetalFlashAttention */,
			);
		};
/* End PBXProject section */

/* Begin PBXShellScriptBuildPhase section */
		9835F4582A4A328D0095D0D0 /* ShellScript */ = {
			isa = PBXShellScriptBuildPhase;
			alwaysOutOfDate = 1;
			buildActionMask = 2147483647;
			files = (
			);
			inputFileListPaths = (
			);
			inputPaths = (
			);
			outputFileListPaths = (
			);
			outputPaths = (
			);
			runOnlyForDeploymentPostprocessing = 0;
			shellPath = /bin/sh;
			shellScript = "# Type a script or drag a script file from your workspace to insert its path.\nswift \"$(pwd)/build.swift\" --platform=macOS --verbose\n";
		};
/* End PBXShellScriptBuildPhase section */

/* Begin PBXSourcesBuildPhase section */
		987E35D72A45E4F400ACACE3 /* Sources */ = {
			isa = PBXSourcesBuildPhase;
			buildActionMask = 2147483647;
			files = (
				98C795182A4B730E00DB688D /* Tensor.swift in Sources */,
				98C7951D2A4B8AFF00DB688D /* TensorBackend.swift in Sources */,
				9835F4822A4B58530095D0D0 /* DataType.swift in Sources */,
				9835F47D2A4B53F40095D0D0 /* Operation.swift in Sources */,
				980EDCFD2A4E10A100BC9BF0 /* CorrectnessTests.swift in Sources */,
				987E35DF2A45E4F400ACACE3 /* main.swift in Sources */,
				9835F45A2A4A3BA40095D0D0 /* Attention.metal in Sources */,
				9835F4732A4B39C80095D0D0 /* NumPy.swift in Sources */,
				98C795202A4B8D0900DB688D /* GEMM.swift in Sources */,
				9835F45C2A4A3BAD0095D0D0 /* Convolution.metal in Sources */,
				98F2F5DD2A60978C006216F4 /* GEMMTransposeTest.swift in Sources */,
				98C795262A4B8D3E00DB688D /* Normalization.swift in Sources */,
				98C7951B2A4B73A000DB688D /* EuclideanDistance.swift in Sources */,
				9835F46B2A4B36E70095D0D0 /* MetalPerformanceShadersGraph.swift in Sources */,
				98C795242A4B8D1600DB688D /* Convolution.swift in Sources */,
				9835F47F2A4B55580095D0D0 /* TensorBuffer.swift in Sources */,
				98C795282A4B95EC00DB688D /* GEMMPerfTests.swift in Sources */,
				98C795322A4DC1F200DB688D /* GEMMSquareBenchmark.swift in Sources */,
				984279D72A619008001BBD55 /* AttentionTest.swift in Sources */,
				9835F4692A4B36DB0095D0D0 /* MetalFlashAttention.swift in Sources */,
				9835F46F2A4B37110095D0D0 /* Matplotlib.swift in Sources */,
				980070F62A66E4490097D21F /* AttentionPerfTests.swift in Sources */,
				9835F45E2A4A81150095D0D0 /* Normalization.metal in Sources */,
				98C7952A2A4B962B00DB688D /* MFATestCase.swift in Sources */,
				9835F4712A4B39290095D0D0 /* Metal.swift in Sources */,
				98C7952C2A4C714400DB688D /* Random.swift in Sources */,
				98C795222A4B8D0E00DB688D /* Attention.swift in Sources */,
				9835F46D2A4B36F60095D0D0 /* Python.swift in Sources */,
			);
			runOnlyForDeploymentPostprocessing = 0;
		};
/* End PBXSourcesBuildPhase section */

/* Begin XCBuildConfiguration section */
		987E35E02A45E4F400ACACE3 /* Debug */ = {
			isa = XCBuildConfiguration;
			buildSettings = {
				ALWAYS_SEARCH_USER_PATHS = NO;
				ASSETCATALOG_COMPILER_GENERATE_SWIFT_ASSET_SYMBOL_EXTENSIONS = YES;
				CLANG_ANALYZER_NONNULL = YES;
				CLANG_ANALYZER_NUMBER_OBJECT_CONVERSION = YES_AGGRESSIVE;
				CLANG_CXX_LANGUAGE_STANDARD = "gnu++20";
				CLANG_ENABLE_MODULES = YES;
				CLANG_ENABLE_OBJC_ARC = YES;
				CLANG_ENABLE_OBJC_WEAK = YES;
				CLANG_WARN_BLOCK_CAPTURE_AUTORELEASING = YES;
				CLANG_WARN_BOOL_CONVERSION = YES;
				CLANG_WARN_COMMA = YES;
				CLANG_WARN_CONSTANT_CONVERSION = YES;
				CLANG_WARN_DEPRECATED_OBJC_IMPLEMENTATIONS = YES;
				CLANG_WARN_DIRECT_OBJC_ISA_USAGE = YES_ERROR;
				CLANG_WARN_DOCUMENTATION_COMMENTS = YES;
				CLANG_WARN_EMPTY_BODY = YES;
				CLANG_WARN_ENUM_CONVERSION = YES;
				CLANG_WARN_INFINITE_RECURSION = YES;
				CLANG_WARN_INT_CONVERSION = YES;
				CLANG_WARN_NON_LITERAL_NULL_CONVERSION = YES;
				CLANG_WARN_OBJC_IMPLICIT_RETAIN_SELF = YES;
				CLANG_WARN_OBJC_LITERAL_CONVERSION = YES;
				CLANG_WARN_OBJC_ROOT_CLASS = YES_ERROR;
				CLANG_WARN_QUOTED_INCLUDE_IN_FRAMEWORK_HEADER = YES;
				CLANG_WARN_RANGE_LOOP_ANALYSIS = YES;
				CLANG_WARN_STRICT_PROTOTYPES = YES;
				CLANG_WARN_SUSPICIOUS_MOVE = YES;
				CLANG_WARN_UNGUARDED_AVAILABILITY = YES_AGGRESSIVE;
				CLANG_WARN_UNREACHABLE_CODE = YES;
				CLANG_WARN__DUPLICATE_METHOD_MATCH = YES;
				COPY_PHASE_STRIP = NO;
				DEBUG_INFORMATION_FORMAT = dwarf;
				ENABLE_STRICT_OBJC_MSGSEND = YES;
				ENABLE_TESTABILITY = YES;
				ENABLE_USER_SCRIPT_SANDBOXING = YES;
				GCC_C_LANGUAGE_STANDARD = gnu17;
				GCC_DYNAMIC_NO_PIC = NO;
				GCC_NO_COMMON_BLOCKS = YES;
				GCC_OPTIMIZATION_LEVEL = 0;
				GCC_PREPROCESSOR_DEFINITIONS = (
					"DEBUG=1",
					"$(inherited)",
				);
				GCC_WARN_64_TO_32_BIT_CONVERSION = YES;
				GCC_WARN_ABOUT_RETURN_TYPE = YES_ERROR;
				GCC_WARN_UNDECLARED_SELECTOR = YES;
				GCC_WARN_UNINITIALIZED_AUTOS = YES_AGGRESSIVE;
				GCC_WARN_UNUSED_FUNCTION = YES;
				GCC_WARN_UNUSED_VARIABLE = YES;
				LOCALIZATION_PREFERS_STRING_CATALOGS = YES;
				MACOSX_DEPLOYMENT_TARGET = 14.0;
				MTL_ENABLE_DEBUG_INFO = INCLUDE_SOURCE;
				MTL_FAST_MATH = YES;
				ONLY_ACTIVE_ARCH = YES;
				SDKROOT = macosx;
				SWIFT_ACTIVE_COMPILATION_CONDITIONS = "DEBUG $(inherited)";
				SWIFT_OPTIMIZATION_LEVEL = "-Onone";
			};
			name = Debug;
		};
		987E35E12A45E4F400ACACE3 /* Release */ = {
			isa = XCBuildConfiguration;
			buildSettings = {
				ALWAYS_SEARCH_USER_PATHS = NO;
				ASSETCATALOG_COMPILER_GENERATE_SWIFT_ASSET_SYMBOL_EXTENSIONS = YES;
				CLANG_ANALYZER_NONNULL = YES;
				CLANG_ANALYZER_NUMBER_OBJECT_CONVERSION = YES_AGGRESSIVE;
				CLANG_CXX_LANGUAGE_STANDARD = "gnu++20";
				CLANG_ENABLE_MODULES = YES;
				CLANG_ENABLE_OBJC_ARC = YES;
				CLANG_ENABLE_OBJC_WEAK = YES;
				CLANG_WARN_BLOCK_CAPTURE_AUTORELEASING = YES;
				CLANG_WARN_BOOL_CONVERSION = YES;
				CLANG_WARN_COMMA = YES;
				CLANG_WARN_CONSTANT_CONVERSION = YES;
				CLANG_WARN_DEPRECATED_OBJC_IMPLEMENTATIONS = YES;
				CLANG_WARN_DIRECT_OBJC_ISA_USAGE = YES_ERROR;
				CLANG_WARN_DOCUMENTATION_COMMENTS = YES;
				CLANG_WARN_EMPTY_BODY = YES;
				CLANG_WARN_ENUM_CONVERSION = YES;
				CLANG_WARN_INFINITE_RECURSION = YES;
				CLANG_WARN_INT_CONVERSION = YES;
				CLANG_WARN_NON_LITERAL_NULL_CONVERSION = YES;
				CLANG_WARN_OBJC_IMPLICIT_RETAIN_SELF = YES;
				CLANG_WARN_OBJC_LITERAL_CONVERSION = YES;
				CLANG_WARN_OBJC_ROOT_CLASS = YES_ERROR;
				CLANG_WARN_QUOTED_INCLUDE_IN_FRAMEWORK_HEADER = YES;
				CLANG_WARN_RANGE_LOOP_ANALYSIS = YES;
				CLANG_WARN_STRICT_PROTOTYPES = YES;
				CLANG_WARN_SUSPICIOUS_MOVE = YES;
				CLANG_WARN_UNGUARDED_AVAILABILITY = YES_AGGRESSIVE;
				CLANG_WARN_UNREACHABLE_CODE = YES;
				CLANG_WARN__DUPLICATE_METHOD_MATCH = YES;
				COPY_PHASE_STRIP = NO;
				DEBUG_INFORMATION_FORMAT = "dwarf-with-dsym";
				ENABLE_NS_ASSERTIONS = NO;
				ENABLE_STRICT_OBJC_MSGSEND = YES;
				ENABLE_USER_SCRIPT_SANDBOXING = YES;
				GCC_C_LANGUAGE_STANDARD = gnu17;
				GCC_NO_COMMON_BLOCKS = YES;
				GCC_WARN_64_TO_32_BIT_CONVERSION = YES;
				GCC_WARN_ABOUT_RETURN_TYPE = YES_ERROR;
				GCC_WARN_UNDECLARED_SELECTOR = YES;
				GCC_WARN_UNINITIALIZED_AUTOS = YES_AGGRESSIVE;
				GCC_WARN_UNUSED_FUNCTION = YES;
				GCC_WARN_UNUSED_VARIABLE = YES;
				LOCALIZATION_PREFERS_STRING_CATALOGS = YES;
				MACOSX_DEPLOYMENT_TARGET = 14.0;
				MTL_ENABLE_DEBUG_INFO = NO;
				MTL_FAST_MATH = YES;
				SDKROOT = macosx;
				SWIFT_COMPILATION_MODE = wholemodule;
			};
			name = Release;
		};
		987E35E32A45E4F400ACACE3 /* Debug */ = {
			isa = XCBuildConfiguration;
			buildSettings = {
				CLANG_ENABLE_MODULES = YES;
				CODE_SIGN_ENTITLEMENTS = MetalFlashAttention.entitlements;
				CODE_SIGN_STYLE = Automatic;
				DEVELOPMENT_TEAM = 6T952M2592;
				ENABLE_HARDENED_RUNTIME = YES;
				ENABLE_USER_SCRIPT_SANDBOXING = NO;
				PRODUCT_NAME = "$(TARGET_NAME)";
				SWIFT_OPTIMIZATION_LEVEL = "-Onone";
				SWIFT_VERSION = 5.0;
			};
			name = Debug;
		};
		987E35E42A45E4F400ACACE3 /* Release */ = {
			isa = XCBuildConfiguration;
			buildSettings = {
				CLANG_ENABLE_MODULES = YES;
				CODE_SIGN_ENTITLEMENTS = MetalFlashAttention.entitlements;
				CODE_SIGN_STYLE = Automatic;
				DEVELOPMENT_TEAM = 6T952M2592;
				ENABLE_HARDENED_RUNTIME = YES;
				ENABLE_USER_SCRIPT_SANDBOXING = NO;
				PRODUCT_NAME = "$(TARGET_NAME)";
				SWIFT_VERSION = 5.0;
			};
			name = Release;
		};
/* End XCBuildConfiguration section */

/* Begin XCConfigurationList section */
		987E35D62A45E4F400ACACE3 /* Build configuration list for PBXProject "MetalFlashAttention" */ = {
			isa = XCConfigurationList;
			buildConfigurations = (
				987E35E02A45E4F400ACACE3 /* Debug */,
				987E35E12A45E4F400ACACE3 /* Release */,
			);
			defaultConfigurationIsVisible = 0;
			defaultConfigurationName = Release;
		};
		987E35E22A45E4F400ACACE3 /* Build configuration list for PBXNativeTarget "MetalFlashAttention" */ = {
			isa = XCConfigurationList;
			buildConfigurations = (
				987E35E32A45E4F400ACACE3 /* Debug */,
				987E35E42A45E4F400ACACE3 /* Release */,
			);
			defaultConfigurationIsVisible = 0;
			defaultConfigurationName = Release;
		};
/* End XCConfigurationList section */

/* Begin XCRemoteSwiftPackageReference section */
		9835F4612A4B14430095D0D0 /* XCRemoteSwiftPackageReference "PythonKit" */ = {
			isa = XCRemoteSwiftPackageReference;
			repositoryURL = "https://github.com/pvieito/PythonKit.git";
			requirement = {
				branch = master;
				kind = branch;
			};
		};
		9835F4652A4B35FF0095D0D0 /* XCRemoteSwiftPackageReference "applegpuinfo" */ = {
			isa = XCRemoteSwiftPackageReference;
			repositoryURL = "https://github.com/philipturner/applegpuinfo";
			requirement = {
				branch = main;
				kind = branch;
			};
		};
		98C7952E2A4C71A400DB688D /* XCRemoteSwiftPackageReference "swift-atomics" */ = {
			isa = XCRemoteSwiftPackageReference;
			repositoryURL = "https://github.com/apple/swift-atomics.git";
			requirement = {
				kind = upToNextMajorVersion;
				minimumVersion = 1.1.0;
			};
		};
/* End XCRemoteSwiftPackageReference section */

/* Begin XCSwiftPackageProductDependency section */
		9835F4622A4B14430095D0D0 /* PythonKit */ = {
			isa = XCSwiftPackageProductDependency;
			package = 9835F4612A4B14430095D0D0 /* XCRemoteSwiftPackageReference "PythonKit" */;
			productName = PythonKit;
		};
		9835F4662A4B35FF0095D0D0 /* AppleGPUInfo */ = {
			isa = XCSwiftPackageProductDependency;
			package = 9835F4652A4B35FF0095D0D0 /* XCRemoteSwiftPackageReference "applegpuinfo" */;
			productName = AppleGPUInfo;
		};
		98C7952F2A4C71A400DB688D /* Atomics */ = {
			isa = XCSwiftPackageProductDependency;
			package = 98C7952E2A4C71A400DB688D /* XCRemoteSwiftPackageReference "swift-atomics" */;
			productName = Atomics;
		};
/* End XCSwiftPackageProductDependency section */
	};
	rootObject = 987E35D32A45E4F400ACACE3 /* Project object */;
}
